
Microsoft Visual Studio Solution File, Format Version 12.00
# Visual Studio 15
VisualStudioVersion = 15.0.28010.2046
MinimumVisualStudioVersion = 10.0.40219.1
Project("{FAE04EC0-301F-11D3-BF4B-00C04F79EFBC}") = "CustomLists", "CustomLists\CustomLists.csproj", "{895F7D1C-F445-4B18-B589-F21D50027BAF}"
EndProject
Project("{FAE04EC0-301F-11D3-BF4B-00C04F79EFBC}") = "CustomListsUnitTesting", "CustomListsUnitTesting\CustomListsUnitTesting.csproj", "{3F50DFFD-253F-4594-9E44-07D58EB4B4A4}"
EndProject
Global
	GlobalSection(SolutionConfigurationPlatforms) = preSolution
		Debug|Any CPU = Debug|Any CPU
		Release|Any CPU = Release|Any CPU
	EndGlobalSection
	GlobalSection(ProjectConfigurationPlatforms) = postSolution
		{895F7D1C-F445-4B18-B589-F21D50027BAF}.Debug|Any CPU.ActiveCfg = Debug|Any CPU
		{895F7D1C-F445-4B18-B589-F21D50027BAF}.Debug|Any CPU.Build.0 = Debug|Any CPU
		{895F7D1C-F445-4B18-B589-F21D50027BAF}.Release|Any CPU.ActiveCfg = Release|Any CPU
		{895F7D1C-F445-4B18-B589-F21D50027BAF}.Release|Any CPU.Build.0 = Release|Any CPU
		{3F50DFFD-253F-4594-9E44-07D58EB4B4A4}.Debug|Any CPU.ActiveCfg = Debug|Any CPU
		{3F50DFFD-253F-4594-9E44-07D58EB4B4A4}.Debug|Any CPU.Build.0 = Debug|Any CPU
		{3F50DFFD-253F-4594-9E44-07D58EB4B4A4}.Release|Any CPU.ActiveCfg = Release|Any CPU
		{3F50DFFD-253F-4594-9E44-07D58EB4B4A4}.Release|Any CPU.Build.0 = Release|Any CPU
	EndGlobalSection
	GlobalSection(SolutionProperties) = preSolution
		HideSolutionNode = FALSE
	EndGlobalSection
	GlobalSection(ExtensibilityGlobals) = postSolution
		SolutionGuid = {14B2357A-6907-4439-8453-3B9A0C56A12F}
	EndGlobalSection
EndGlobal
